lockfileVersion: '9.0'

settings:
  autoInstallPeers: true
  excludeLinksFromLockfile: false

importers:

  .:
    dependencies:
      '@discordx/importer':
        specifier: ^1.3.1
        version: 1.3.1
      '@prisma/client':
        specifier: ^5.20.0
        version: 5.20.0(prisma@5.20.0)
      '@types/node':
        specifier: ^22.7.4
        version: 22.7.4
      discord.js:
        specifier: ^14.16.3
        version: 14.16.3
      discordx:
        specifier: ^11.12.1
        version: 11.12.1(discord.js@14.16.3)
      dotenv:
        specifier: ^16.4.5
        version: 16.4.5
      nodemon:
        specifier: ^3.1.7
        version: 3.1.7
      prisma:
        specifier: ^5.20.0
        version: 5.20.0
      ts-node:
        specifier: ^10.9.2
        version: 10.9.2(@types/node@22.7.4)(typescript@5.6.2)

packages:

  '@cspotcode/source-map-support@0.8.1':
    resolution: {integrity: sha512-IchNf6dN4tHoMFIn/7OE8LWZ19Y6q/67Bmf6vnGREv8RSbBVb9LPJxEcnwrcwX6ixSvaiGoomAUvu4YSxXrVgw==}
    engines: {node: '>=12'}

  '@discordjs/builders@1.9.0':
    resolution: {integrity: sha512-0zx8DePNVvQibh5ly5kCEei5wtPBIUbSoE9n+91Rlladz4tgtFbJ36PZMxxZrTEOQ7AHMZ/b0crT/0fCy6FTKg==}
    engines: {node: '>=18'}

  '@discordjs/collection@1.5.3':
    resolution: {integrity: sha512-SVb428OMd3WO1paV3rm6tSjM4wC+Kecaa1EUGX7vc6/fddvw/6lg90z4QtCqm21zvVe92vMMDt9+DkIvjXImQQ==}
    engines: {node: '>=16.11.0'}

  '@discordjs/collection@2.1.1':
    resolution: {integrity: sha512-LiSusze9Tc7qF03sLCujF5iZp7K+vRNEDBZ86FT9aQAv3vxMLihUvKvpsCWiQ2DJq1tVckopKm1rxomgNUc9hg==}
    engines: {node: '>=18'}

  '@discordjs/formatters@0.5.0':
    resolution: {integrity: sha512-98b3i+Y19RFq1Xke4NkVY46x8KjJQjldHUuEbCqMvp1F5Iq9HgnGpu91jOi/Ufazhty32eRsKnnzS8n4c+L93g==}
    engines: {node: '>=18'}

  '@discordjs/rest@2.4.0':
    resolution: {integrity: sha512-Xb2irDqNcq+O8F0/k/NaDp7+t091p+acb51iA4bCKfIn+WFWd6HrNvcsSbMMxIR9NjcMZS6NReTKygqiQN+ntw==}
    engines: {node: '>=18'}

  '@discordjs/util@1.1.1':
    resolution: {integrity: sha512-eddz6UnOBEB1oITPinyrB2Pttej49M9FZQY8NxgEvc3tq6ZICZ19m70RsmzRdDHk80O9NoYN/25AqJl8vPVf/g==}
    engines: {node: '>=18'}

  '@discordjs/ws@1.1.1':
    resolution: {integrity: sha512-PZ+vLpxGCRtmr2RMkqh8Zp+BenUaJqlS6xhgWKEZcgC/vfHLEzpHtKkB0sl3nZWpwtcKk6YWy+pU3okL2I97FA==}
    engines: {node: '>=16.11.0'}

  '@discordx/di@3.3.2':
    resolution: {integrity: sha512-hyl9QyZx9XkGe98eP6qJ/AECCSyhpLPIKQBVn3lD7+GOiFssNz71SQC3lz1a0mFHiPimf9mMPWwN+kNc2oA9xg==}
    engines: {node: '>=16.0.0', npm: '>=7.0.0'}

  '@discordx/importer@1.3.1':
    resolution: {integrity: sha512-s+7hMvVbjkYErFO5FTmfwsUpamLKlWLaChdO2Cr820/XN8qWQzMTEt0hxVhyQBmVwFPYmL+bBDSSvY7i9Tc0Pg==}

  '@discordx/internal@1.1.4':
    resolution: {integrity: sha512-DQDRntfLrC2UM0jxFohxTsVD3IT7/EOES+PGlRavt6Nzn+v7m2iD1dU2rywbtXyOrE5jWJX+OqCbYyr+uZnx1w==}
    engines: {node: '>=16.0.0', npm: '>=7.0.0'}

  '@isaacs/cliui@8.0.2':
    resolution: {integrity: sha512-O8jcjabXaleOG9DQ0+ARXWZBTfnP4WNAqzuiJK7ll44AmxGKv/J2M4TPjxjY3znBCfvBXFzucm1twdyFybFqEA==}
    engines: {node: '>=12'}

  '@jridgewell/resolve-uri@3.1.2':
    resolution: {integrity: sha512-bRISgCIjP20/tbWSPWMEi54QVPRZExkuD9lJL+UIxUKtwVJA8wW1Trb1jMs1RFXo1CBTNZ/5hpC9QvmKWdopKw==}
    engines: {node: '>=6.0.0'}

  '@jridgewell/sourcemap-codec@1.5.0':
    resolution: {integrity: sha512-gv3ZRaISU3fjPAgNsriBRqGWQL6quFx04YMPW/zD8XMLsU32mhCCbfbO6KZFLjvYpCZ8zyDEgqsgf+PwPaM7GQ==}

  '@jridgewell/trace-mapping@0.3.9':
    resolution: {integrity: sha512-3Belt6tdc8bPgAtbcmdtNJlirVoTmEb5e2gC94PnkwEW9jI6CAHUeoG85tjWP5WquqfavoMtMwiG4P926ZKKuQ==}

  '@pkgjs/parseargs@0.11.0':
    resolution: {integrity: sha512-+1VkjdD0QBLPodGrJUeqarH8VAIvQODIbwh9XpP5Syisf7YoQgsJKPNFoqqLQlu+VQ/tVSshMR6loPMn8U+dPg==}
    engines: {node: '>=14'}

  '@prisma/client@5.20.0':
    resolution: {integrity: sha512-CLv55ZuMuUawMsxoqxGtLT3bEZoa2W8L3Qnp6rDIFWy+ZBrUcOFKdoeGPSnbBqxc3SkdxJrF+D1veN/WNynZYA==}
    engines: {node: '>=16.13'}
    peerDependencies:
      prisma: '*'
    peerDependenciesMeta:
      prisma:
        optional: true

  '@prisma/debug@5.20.0':
    resolution: {integrity: sha512-oCx79MJ4HSujokA8S1g0xgZUGybD4SyIOydoHMngFYiwEwYDQ5tBQkK5XoEHuwOYDKUOKRn/J0MEymckc4IgsQ==}

  '@prisma/engines-version@5.20.0-12.06fc58a368dc7be9fbbbe894adf8d445d208c284':
    resolution: {integrity: sha512-Lg8AS5lpi0auZe2Mn4gjuCg081UZf88k3cn0RCwHgR+6cyHHpttPZBElJTHf83ZGsRNAmVCZCfUGA57WB4u4JA==}

  '@prisma/engines@5.20.0':
    resolution: {integrity: sha512-DtqkP+hcZvPEbj8t8dK5df2b7d3B8GNauKqaddRRqQBBlgkbdhJkxhoJTrOowlS3vaRt2iMCkU0+CSNn0KhqAQ==}

  '@prisma/fetch-engine@5.20.0':
    resolution: {integrity: sha512-JVcaPXC940wOGpCOwuqQRTz6I9SaBK0c1BAyC1pcz9xBi+dzFgUu3G/p9GV1FhFs9OKpfSpIhQfUJE9y00zhqw==}

  '@prisma/get-platform@5.20.0':
    resolution: {integrity: sha512-8/+CehTZZNzJlvuryRgc77hZCWrUDYd/PmlZ7p2yNXtmf2Una4BWnTbak3us6WVdqoz5wmptk6IhsXdG2v5fmA==}

  '@sapphire/async-queue@1.5.3':
    resolution: {integrity: sha512-x7zadcfJGxFka1Q3f8gCts1F0xMwCKbZweM85xECGI0hBTeIZJGGCrHgLggihBoprlQ/hBmDR5LKfIPqnmHM3w==}
    engines: {node: '>=v14.0.0', npm: '>=7.0.0'}

  '@sapphire/shapeshift@4.0.0':
    resolution: {integrity: sha512-d9dUmWVA7MMiKobL3VpLF8P2aeanRTu6ypG2OIaEv/ZHH/SUQ2iHOVyi5wAPjQ+HmnMuL0whK9ez8I/raWbtIg==}
    engines: {node: '>=v16'}

  '@sapphire/snowflake@3.5.3':
    resolution: {integrity: sha512-jjmJywLAFoWeBi1W7994zZyiNWPIiqRRNAmSERxyg93xRGzNYvGjlZ0gR6x0F4gPRi2+0O6S71kOZYyr3cxaIQ==}
    engines: {node: '>=v14.0.0', npm: '>=7.0.0'}

  '@tsconfig/node10@1.0.11':
    resolution: {integrity: sha512-DcRjDCujK/kCk/cUe8Xz8ZSpm8mS3mNNpta+jGCA6USEDfktlNvm1+IuZ9eTcDbNk41BHwpHHeW+N1lKCz4zOw==}

  '@tsconfig/node12@1.0.11':
    resolution: {integrity: sha512-cqefuRsh12pWyGsIoBKJA9luFu3mRxCA+ORZvA4ktLSzIuCUtWVxGIuXigEwO5/ywWFMZ2QEGKWvkZG1zDMTag==}

  '@tsconfig/node14@1.0.3':
    resolution: {integrity: sha512-ysT8mhdixWK6Hw3i1V2AeRqZ5WfXg1G43mqoYlM2nc6388Fq5jcXyr5mRsqViLx/GJYdoL0bfXD8nmF+Zn/Iow==}

  '@tsconfig/node16@1.0.4':
    resolution: {integrity: sha512-vxhUy4J8lyeyinH7Azl1pdd43GJhZH/tP2weN8TntQblOY+A0XbT8DJk1/oCPuOOyg/Ja757rG0CgHcWC8OfMA==}

  '@types/node@22.7.4':
    resolution: {integrity: sha512-y+NPi1rFzDs1NdQHHToqeiX2TIS79SWEAw9GYhkkx8bD0ChpfqC+n2j5OXOCpzfojBEBt6DnEnnG9MY0zk1XLg==}

  '@types/ws@8.5.12':
    resolution: {integrity: sha512-3tPRkv1EtkDpzlgyKyI8pGsGZAGPEaXeu0DOj5DI25Ja91bdAYddYHbADRYVrZMRbfW+1l5YwXVDKohDJNQxkQ==}

  '@vladfrangu/async_event_emitter@2.4.6':
    resolution: {integrity: sha512-RaI5qZo6D2CVS6sTHFKg1v5Ohq/+Bo2LZ5gzUEwZ/WkHhwtGTCB/sVLw8ijOkAUxasZ+WshN/Rzj4ywsABJ5ZA==}
    engines: {node: '>=v14.0.0', npm: '>=7.0.0'}

  acorn-walk@8.3.4:
    resolution: {integrity: sha512-ueEepnujpqee2o5aIYnvHU6C0A42MNdsIDeqy5BydrkuC5R1ZuUFnm27EeFJGoEHJQgn3uleRvmTXaJgfXbt4g==}
    engines: {node: '>=0.4.0'}

  acorn@8.12.1:
    resolution: {integrity: sha512-tcpGyI9zbizT9JbV6oYE477V6mTlXvvi0T0G3SNIYE2apm/G5huBa1+K89VGeovbg+jycCrfhl3ADxErOuO6Jg==}
    engines: {node: '>=0.4.0'}
    hasBin: true

  ansi-regex@5.0.1:
    resolution: {integrity: sha512-quJQXlTSUGL2LH9SUXo8VwsY4soanhgo6LNSm84E1LBcE8s3O0wpdiRzyR9z/ZZJMlMWv37qOOb9pdJlMUEKFQ==}
    engines: {node: '>=8'}

  ansi-regex@6.1.0:
    resolution: {integrity: sha512-7HSX4QQb4CspciLpVFwyRe79O3xsIZDDLER21kERQ71oaPodF8jL725AgJMFAYbooIqolJoRLuM81SpeUkpkvA==}
    engines: {node: '>=12'}

  ansi-styles@4.3.0:
    resolution: {integrity: sha512-zbB9rCJAT1rbjiVDb2hqKFHNYLxgtk8NURxZ3IZwD3F6NtxbXZQCnnSi1Lkx+IDohdPlFp222wVALIheZJQSEg==}
    engines: {node: '>=8'}

  ansi-styles@6.2.1:
    resolution: {integrity: sha512-bN798gFfQX+viw3R7yrGWRqnrN2oRkEkUjjl4JNn4E8GxxbjtG3FbrEIIY3l8/hrwUwIeCZvi4QuOTP4MErVug==}
    engines: {node: '>=12'}

  anymatch@3.1.3:
    resolution: {integrity: sha512-KMReFUr0B4t+D+OBkjR3KYqvocp2XaSzO55UcB6mgQMd3KbcE+mWTyvVV7D/zsdEbNnV6acZUutkiHQXvTr1Rw==}
    engines: {node: '>= 8'}

  arg@4.1.3:
    resolution: {integrity: sha512-58S9QDqG0Xx27YwPSt9fJxivjYl432YCwfDMfZ+71RAqUrZef7LrKQZ3LHLOwCS4FLNBplP533Zx895SeOCHvA==}

  balanced-match@1.0.2:
    resolution: {integrity: sha512-3oSeUO0TMV67hN1AmbXsK4yaqU7tjiHlbxRDZOpH0KW9+CeX4bRAaX0Anxt0tx2MrpRpWwQaPwIlISEJhYU5Pw==}

  binary-extensions@2.3.0:
    resolution: {integrity: sha512-Ceh+7ox5qe7LJuLHoY0feh3pHuUDHAcRUeyL2VYghZwfpkNIy/+8Ocg0a3UuSoYzavmylwuLWQOf3hl0jjMMIw==}
    engines: {node: '>=8'}

  brace-expansion@1.1.11:
    resolution: {integrity: sha512-iCuPHDFgrHX7H2vEI/5xpz07zSHB00TpugqhmYtVmMO6518mCuRMoOYFldEBl0g187ufozdaHgWKcYFb61qGiA==}

  brace-expansion@2.0.1:
    resolution: {integrity: sha512-XnAIvQ8eM+kC6aULx6wuQiwVsnzsi9d3WxzV3FpWTGA19F621kwdbsAcFKXgKUHZWsy+mY6iL1sHTxWEFCytDA==}

  braces@3.0.3:
    resolution: {integrity: sha512-yQbXgO/OSZVD2IsiLlro+7Hf6Q18EJrKSEsdoMzKePKXct3gvD8oLcOQdIzGupr5Fj+EDe8gO/lxc1BzfMpxvA==}
    engines: {node: '>=8'}

  chokidar@3.6.0:
    resolution: {integrity: sha512-7VT13fmjotKpGipCW9JEQAusEPE+Ei8nl6/g4FBAmIm0GOOLMua9NDDo/DWp0ZAxCr3cPq5ZpBqmPAQgDda2Pw==}
    engines: {node: '>= 8.10.0'}

  color-convert@2.0.1:
    resolution: {integrity: sha512-RRECPsj7iu/xb5oKYcsFHSppFNnsj/52OVTRKb4zP5onXwVF3zVmmToNcOfGC+CRDpfK/U584fMg38ZHCaElKQ==}
    engines: {node: '>=7.0.0'}

  color-name@1.1.4:
    resolution: {integrity: sha512-dOy+3AuW3a2wNbZHIuMZpTcgjGuLU/uBL/ubcZF9OXbDo8ff4O8yVp5Bf0efS8uEoYo5q4Fx7dY9OgQGXgAsQA==}

  concat-map@0.0.1:
    resolution: {integrity: sha512-/Srv4dswyQNBfohGpz9o6Yb3Gz3SrUDqBH5rTuhGR7ahtlbYKnVxw2bCFMRljaA7EXHaXZ8wsHdodFvbkhKmqg==}

  create-require@1.1.1:
    resolution: {integrity: sha512-dcKFX3jn0MpIaXjisoRvexIJVEKzaq7z2rZKxf+MSr9TkdmHmsU4m2lcLojrj/FHl8mk5VxMmYA+ftRkP/3oKQ==}

  cross-spawn@7.0.3:
    resolution: {integrity: sha512-iRDPJKUPVEND7dHPO8rkbOnPpyDygcDFtWjpeWNCgy8WP2rXcxXL8TskReQl6OrB2G7+UJrags1q15Fudc7G6w==}
    engines: {node: '>= 8'}

  debug@4.3.7:
    resolution: {integrity: sha512-Er2nc/H7RrMXZBFCEim6TCmMk02Z8vLC2Rbi1KEBggpo0fS6l0S1nnapwmIi3yW/+GOJap1Krg4w0Hg80oCqgQ==}
    engines: {node: '>=6.0'}
    peerDependencies:
      supports-color: '*'
    peerDependenciesMeta:
      supports-color:
        optional: true

  diff@4.0.2:
    resolution: {integrity: sha512-58lmxKSA4BNyLz+HHMUzlOEpg09FV+ev6ZMe3vJihgdxzgcwZ8VoEEPmALCZG9LmqfVoNMMKpttIYTVG6uDY7A==}
    engines: {node: '>=0.3.1'}

  discord-api-types@0.37.100:
    resolution: {integrity: sha512-a8zvUI0GYYwDtScfRd/TtaNBDTXwP5DiDVX7K5OmE+DRT57gBqKnwtOC5Ol8z0mRW8KQfETIgiB8U0YZ9NXiCA==}

  discord-api-types@0.37.83:
    resolution: {integrity: sha512-urGGYeWtWNYMKnYlZnOnDHm8fVRffQs3U0SpE8RHeiuLKb/u92APS8HoQnPTFbnXmY1vVnXjXO4dOxcAn3J+DA==}

  discord-api-types@0.37.97:
    resolution: {integrity: sha512-No1BXPcVkyVD4ZVmbNgDKaBoqgeQ+FJpzZ8wqHkfmBnTZig1FcH3iPPersiK1TUIAzgClh2IvOuVUYfcWLQAOA==}

  discord.js@14.16.3:
    resolution: {integrity: sha512-EPCWE9OkA9DnFFNrO7Kl1WHHDYFXu3CNVFJg63bfU7hVtjZGyhShwZtSBImINQRWxWP2tgo2XI+QhdXx28r0aA==}
    engines: {node: '>=18'}

  discordx@11.12.1:
    resolution: {integrity: sha512-VGTdb2KDYbeQxfUVrE9vena4OQPB/4tLvZXZyro7JLFnFXNcfX1NAJy7PjSuoVs0wGXYJwbzOcH/mv8RRVD66g==}
    engines: {node: '>=16.0.0', npm: '>=7.0.0'}
    peerDependencies:
      discord.js: '>=14 || ^14.0.0-dev'

  dotenv@16.4.5:
    resolution: {integrity: sha512-ZmdL2rui+eB2YwhsWzjInR8LldtZHGDoQ1ugH85ppHKwpUHL7j7rN0Ti9NCnGiQbhaZ11FpR+7ao1dNsmduNUg==}
    engines: {node: '>=12'}

  eastasianwidth@0.2.0:
    resolution: {integrity: sha512-I88TYZWc9XiYHRQ4/3c5rjjfgkjhLyW2luGIheGERbNQ6OY7yTybanSpDXZa8y7VUP9YmDcYa+eyq4ca7iLqWA==}

  emoji-regex@8.0.0:
    resolution: {integrity: sha512-MSjYzcWNOA0ewAHpz0MxpYFvwg6yjy1NG3xteoqz644VCo/RPgnr1/GGt+ic3iJTzQ8Eu3TdM14SawnVUmGE6A==}

  emoji-regex@9.2.2:
    resolution: {integrity: sha512-L18DaJsXSUk2+42pv8mLs5jJT2hqFkFE4j21wOmgbUqsZ2hL72NsUU785g9RXgo3s0ZNgVl42TiHp3ZtOv/Vyg==}

  fast-deep-equal@3.1.3:
    resolution: {integrity: sha512-f3qQ9oQy9j2AhBe/H9VC91wLmKBCCU/gDOnKNAYG5hswO7BLKj09Hc5HYNz9cGI++xlpDCIgDaitVs03ATR84Q==}

  fill-range@7.1.1:
    resolution: {integrity: sha512-YsGpe3WHLK8ZYi4tWDg2Jy3ebRz2rXowDxnld4bkQB00cc/1Zw9AWnC0i9ztDJitivtQvaI9KaLyKrc+hBW0yg==}
    engines: {node: '>=8'}

  foreground-child@3.3.0:
    resolution: {integrity: sha512-Ld2g8rrAyMYFXBhEqMz8ZAHBi4J4uS1i/CxGMDnjyFWddMXLVcDp051DZfu+t7+ab7Wv6SMqpWmyFIj5UbfFvg==}
    engines: {node: '>=14'}

  fsevents@2.3.3:
    resolution: {integrity: sha512-5xoDfX+fL7faATnagmWPpbFtwh/R77WmMMqqHGS65C3vvB0YHrgF+B1YmZ3441tMj5n63k0212XNoJwzlhffQw==}
    engines: {node: ^8.16.0 || ^10.6.0 || >=11.0.0}
    os: [darwin]

  glob-parent@5.1.2:
    resolution: {integrity: sha512-AOIgSQCepiJYwP3ARnGx+5VnTu2HBYdzbGP45eLw1vr3zB3vZLeyed1sC9hnbcOc9/SrMyM5RPQrkGz4aS9Zow==}
    engines: {node: '>= 6'}

  glob@10.4.5:
    resolution: {integrity: sha512-7Bv8RF0k6xjo7d4A/PxYLbUCfb6c+Vpd2/mB2yRDlew7Jb5hEXiCD9ibfO7wpk8i4sevK6DFny9h7EYbM3/sHg==}
    hasBin: true

  has-flag@3.0.0:
    resolution: {integrity: sha512-sKJf1+ceQBr4SMkvQnBDNDtf4TXpVhVGateu0t918bl30FnbE2m4vNLX+VWe/dpjlb+HugGYzW7uQXH98HPEYw==}
    engines: {node: '>=4'}

  ignore-by-default@1.0.1:
    resolution: {integrity: sha512-Ius2VYcGNk7T90CppJqcIkS5ooHUZyIQK+ClZfMfMNFEF9VSE73Fq+906u/CWu92x4gzZMWOwfFYckPObzdEbA==}

  is-binary-path@2.1.0:
    resolution: {integrity: sha512-ZMERYes6pDydyuGidse7OsHxtbI7WVeUEozgR/g7rd0xUimYNlvZRE/K2MgZTjWy725IfelLeVcEM97mmtRGXw==}
    engines: {node: '>=8'}

  is-extglob@2.1.1:
    resolution: {integrity: sha512-SbKbANkN603Vi4jEZv49LeVJMn4yGwsbzZworEoyEiutsN3nJYdbO36zfhGJ6QEDpOZIFkDtnq5JRxmvl3jsoQ==}
    engines: {node: '>=0.10.0'}

  is-fullwidth-code-point@3.0.0:
    resolution: {integrity: sha512-zymm5+u+sCsSWyD9qNaejV3DFvhCKclKdizYaJUuHA83RLjb7nSuGnddCHGv0hk+KY7BMAlsWeK4Ueg6EV6XQg==}
    engines: {node: '>=8'}

  is-glob@4.0.3:
    resolution: {integrity: sha512-xelSayHH36ZgE7ZWhli7pW34hNbNl8Ojv5KVmkJD4hBdD3th8Tfk9vYasLM+mXWOZhFkgZfxhLSnrwRr4elSSg==}
    engines: {node: '>=0.10.0'}

  is-number@7.0.0:
    resolution: {integrity: sha512-41Cifkg6e8TylSpdtTpeLVMqvSBEVzTttHvERD741+pnZ8ANv0004MRL43QKPDlK9cGvNp6NZWZUBlbGXYxxng==}
    engines: {node: '>=0.12.0'}

  isexe@2.0.0:
    resolution: {integrity: sha512-RHxMLp9lnKHGHRng9QFhRCMbYAcVpn69smSGcq3f36xjgVVWThj4qqLbTLlq7Ssj8B+fIQ1EuCEGI2lKsyQeIw==}

  jackspeak@3.4.3:
    resolution: {integrity: sha512-OGlZQpz2yfahA/Rd1Y8Cd9SIEsqvXkLVoSw/cgwhnhFMDbsQFeZYoJJ7bIZBS9BcamUW96asq/npPWugM+RQBw==}

  lodash.snakecase@4.1.1:
    resolution: {integrity: sha512-QZ1d4xoBHYUeuouhEq3lk3Uq7ldgyFXGBhg04+oRLnIz8o9T65Eh+8YdroUwn846zchkA9yDsDl5CVVaV2nqYw==}

  lodash@4.17.21:
    resolution: {integrity: sha512-v2kDEe57lecTulaDIuNTPy3Ry4gLGJ6Z1O3vE1krgXZNrsQ+LFTGHVxVjcXPs17LhbZVGedAJv8XZ1tvj5FvSg==}

  lru-cache@10.4.3:
    resolution: {integrity: sha512-JNAzZcXrCt42VGLuYz0zfAzDfAvJWW6AfYlDBQyDV5DClI2m5sAmK+OIO7s59XfsRsWHp02jAJrRadPRGTt6SQ==}

  magic-bytes.js@1.10.0:
    resolution: {integrity: sha512-/k20Lg2q8LE5xiaaSkMXk4sfvI+9EGEykFS4b0CHHGWqDYU0bGUFSwchNOMA56D7TCs9GwVTkqe9als1/ns8UQ==}

  make-error@1.3.6:
    resolution: {integrity: sha512-s8UhlNe7vPKomQhC1qFelMokr/Sc3AgNbso3n74mVPA5LTZwkB9NlXf4XPamLxJE8h0gh73rM94xvwRT2CVInw==}

  minimatch@3.1.2:
    resolution: {integrity: sha512-J7p63hRiAjw1NDEww1W7i37+ByIrOWO5XQQAzZ3VOcL0PNybwpfmV/N05zFAzwQ9USyEcX6t3UO+K5aqBQOIHw==}

  minimatch@9.0.5:
    resolution: {integrity: sha512-G6T0ZX48xgozx7587koeX9Ys2NYy6Gmv//P89sEte9V9whIapMNF4idKxnW2QtCcLiTWlb/wfCabAtAFWhhBow==}
    engines: {node: '>=16 || 14 >=14.17'}

  minipass@7.1.2:
    resolution: {integrity: sha512-qOOzS1cBTWYF4BH8fVePDBOO9iptMnGUEZwNc/cMWnTV2nVLZ7VoNWEPHkYczZA0pdoA7dl6e7FL659nX9S2aw==}
    engines: {node: '>=16 || 14 >=14.17'}

  ms@2.1.3:
    resolution: {integrity: sha512-6FlzubTLZG3J2a/NVCAleEhjzq5oxgHyaCU9yYXvcLsvoVaHJq/s5xXI6/XXP6tz7R9xAOtHnSO/tXtF3WRTlA==}

  nodemon@3.1.7:
    resolution: {integrity: sha512-hLj7fuMow6f0lbB0cD14Lz2xNjwsyruH251Pk4t/yIitCFJbmY1myuLlHm/q06aST4jg6EgAh74PIBBrRqpVAQ==}
    engines: {node: '>=10'}
    hasBin: true

  normalize-path@3.0.0:
    resolution: {integrity: sha512-6eZs5Ls3WtCisHWp9S2GUy8dqkpGi4BVSz3GaqiE6ezub0512ESztXUwUB6C6IKbQkY2Pnb/mD4WYojCRwcwLA==}
    engines: {node: '>=0.10.0'}

  package-json-from-dist@1.0.1:
    resolution: {integrity: sha512-UEZIS3/by4OC8vL3P2dTXRETpebLI2NiI5vIrjaD/5UtrkFX/tNbwjTSRAGC/+7CAo2pIcBaRgWmcBBHcsaCIw==}

  path-key@3.1.1:
    resolution: {integrity: sha512-ojmeN0qd+y0jszEtoY48r0Peq5dwMEkIlCOu6Q5f41lfkswXuKtYrhgoTpLnyIcHm24Uhqx+5Tqm2InSwLhE6Q==}
    engines: {node: '>=8'}

  path-scurry@1.11.1:
    resolution: {integrity: sha512-Xa4Nw17FS9ApQFJ9umLiJS4orGjm7ZzwUrwamcGQuHSzDyth9boKDaycYdDcZDuqYATXw4HFXgaqWTctW/v1HA==}
    engines: {node: '>=16 || 14 >=14.18'}

  picomatch@2.3.1:
    resolution: {integrity: sha512-JU3teHTNjmE2VCGFzuY8EXzCDVwEqB2a8fsIvwaStHhAWJEeVd1o1QD80CU6+ZdEXXSLbSsuLwJjkCBWqRQUVA==}
    engines: {node: '>=8.6'}

  prisma@5.20.0:
    resolution: {integrity: sha512-6obb3ucKgAnsGS9x9gLOe8qa51XxvJ3vLQtmyf52CTey1Qcez3A6W6ROH5HIz5Q5bW+0VpmZb8WBohieMFGpig==}
    engines: {node: '>=16.13'}
    hasBin: true

  pstree.remy@1.1.8:
    resolution: {integrity: sha512-77DZwxQmxKnu3aR542U+X8FypNzbfJ+C5XQDk3uWjWxn6151aIMGthWYRXTqT1E5oJvg+ljaa2OJi+VfvCOQ8w==}

  readdirp@3.6.0:
    resolution: {integrity: sha512-hOS089on8RduqdbhvQ5Z37A0ESjsqz6qnRcffsMU3495FuTdqSm+7bhJ29JvIOsBDEEnan5DPu9t3To9VRlMzA==}
    engines: {node: '>=8.10.0'}

  semver@7.6.3:
    resolution: {integrity: sha512-oVekP1cKtI+CTDvHWYFUcMtsK/00wmAEfyqKfNdARm8u1wNVhSgaX7A8d4UuIlUI5e84iEwOhs7ZPYRmzU9U6A==}
    engines: {node: '>=10'}
    hasBin: true

  shebang-command@2.0.0:
    resolution: {integrity: sha512-kHxr2zZpYtdmrN1qDjrrX/Z1rR1kG8Dx+gkpK1G4eXmvXswmcE1hTWBWYUzlraYw1/yZp6YuDY77YtvbN0dmDA==}
    engines: {node: '>=8'}

  shebang-regex@3.0.0:
    resolution: {integrity: sha512-7++dFhtcx3353uBaq8DDR4NuxBetBzC7ZQOhmTQInHEd6bSrXdiEyzCvG07Z44UYdLShWUyXt5M/yhz8ekcb1A==}
    engines: {node: '>=8'}

  signal-exit@4.1.0:
    resolution: {integrity: sha512-bzyZ1e88w9O1iNJbKnOlvYTrWPDl46O1bG0D3XInv+9tkPrxrN8jUUTiFlDkkmKWgn1M6CfIA13SuGqOa9Korw==}
    engines: {node: '>=14'}

  simple-update-notifier@2.0.0:
    resolution: {integrity: sha512-a2B9Y0KlNXl9u/vsW6sTIu9vGEpfKu2wRV6l1H3XEas/0gUIzGzBoP/IouTcUQbm9JWZLH3COxyn03TYlFax6w==}
    engines: {node: '>=10'}

  string-width@4.2.3:
    resolution: {integrity: sha512-wKyQRQpjJ0sIp62ErSZdGsjMJWsap5oRNihHhu6G7JVO/9jIB6UyevL+tXuOqrng8j/cxKTWyWUwvSTriiZz/g==}
    engines: {node: '>=8'}

  string-width@5.1.2:
    resolution: {integrity: sha512-HnLOCR3vjcY8beoNLtcjZ5/nxn2afmME6lhrDrebokqMap+XbeW8n9TXpPDOqdGK5qcI3oT0GKTW6wC7EMiVqA==}
    engines: {node: '>=12'}

  strip-ansi@6.0.1:
    resolution: {integrity: sha512-Y38VPSHcqkFrCpFnQ9vuSXmquuv5oXOKpGeT6aGrr3o3Gc9AlVa6JBfUSOCnbxGGZF+/0ooI7KrPuUSztUdU5A==}
    engines: {node: '>=8'}

  strip-ansi@7.1.0:
    resolution: {integrity: sha512-iq6eVVI64nQQTRYq2KtEg2d2uU7LElhTJwsH4YzIHZshxlgZms/wIc4VoDQTlG/IvVIrBKG06CrZnp0qv7hkcQ==}
    engines: {node: '>=12'}

  supports-color@5.5.0:
    resolution: {integrity: sha512-QjVjwdXIt408MIiAqCX4oUKsgU2EqAGzs2Ppkm4aQYbjm+ZEWEcW4SfFNTr4uMNZma0ey4f5lgLrkB0aX0QMow==}
    engines: {node: '>=4'}

  to-regex-range@5.0.1:
    resolution: {integrity: sha512-65P7iz6X5yEr1cwcgvQxbbIw7Uk3gOy5dIdtZ4rDveLqhrdJP+Li/Hx6tyK0NEb+2GCyneCMJiGqrADCSNk8sQ==}
    engines: {node: '>=8.0'}

  touch@3.1.1:
    resolution: {integrity: sha512-r0eojU4bI8MnHr8c5bNo7lJDdI2qXlWWJk6a9EAFG7vbhTjElYhBVS3/miuE0uOuoLdb8Mc/rVfsmm6eo5o9GA==}
    hasBin: true

  ts-mixer@6.0.4:
    resolution: {integrity: sha512-ufKpbmrugz5Aou4wcr5Wc1UUFWOLhq+Fm6qa6P0w0K5Qw2yhaUoiWszhCVuNQyNwrlGiscHOmqYoAox1PtvgjA==}

  ts-node@10.9.2:
    resolution: {integrity: sha512-f0FFpIdcHgn8zcPSbf1dRevwt047YMnaiJM3u2w2RewrB+fob/zePZcrOyQoLMMO7aBIddLcQIEK5dYjkLnGrQ==}
    hasBin: true
    peerDependencies:
      '@swc/core': '>=1.2.50'
      '@swc/wasm': '>=1.2.50'
      '@types/node': '*'
      typescript: '>=2.7'
    peerDependenciesMeta:
      '@swc/core':
        optional: true
      '@swc/wasm':
        optional: true

  tslib@1.14.1:
    resolution: {integrity: sha512-Xni35NKzjgMrwevysHTCArtLDpPvye8zV/0E4EyYn43P7/7qvQwPh9BGkHewbMulVntbigmcT7rdX3BNo9wRJg==}

  tslib@2.7.0:
    resolution: {integrity: sha512-gLXCKdN1/j47AiHiOkJN69hJmcbGTHI0ImLmbYLHykhgeN0jVGola9yVjFgzCUklsZQMW55o+dW7IXv3RCXDzA==}

  tsyringe@4.8.0:
    resolution: {integrity: sha512-YB1FG+axdxADa3ncEtRnQCFq/M0lALGLxSZeVNbTU8NqhOVc51nnv2CISTcvc1kyv6EGPtXVr0v6lWeDxiijOA==}
    engines: {node: '>= 6.0.0'}

  typedi@0.10.0:
    resolution: {integrity: sha512-v3UJF8xm68BBj6AF4oQML3ikrfK2c9EmZUyLOfShpJuItAqVBHWP/KtpGinkSsIiP6EZyyb6Z3NXyW9dgS9X1w==}

  typescript@5.6.2:
    resolution: {integrity: sha512-NW8ByodCSNCwZeghjN3o+JX5OFH0Ojg6sadjEKY4huZ52TqbJTJnDo5+Tw98lSy63NZvi4n+ez5m2u5d4PkZyw==}
    engines: {node: '>=14.17'}
    hasBin: true

  undefsafe@2.0.5:
    resolution: {integrity: sha512-WxONCrssBM8TSPRqN5EmsjVrsv4A8X12J4ArBiiayv3DyyG3ZlIg6yysuuSYdZsVz3TKcTg2fd//Ujd4CHV1iA==}

  undici-types@6.19.8:
    resolution: {integrity: sha512-ve2KP6f/JnbPBFyobGHuerC9g1FYGn/F8n1LWTwNxCEzd6IfqTwUQcNXgEtmmQ6DlRrC1hrSrBnCZPokRrDHjw==}

  undici@6.19.8:
    resolution: {integrity: sha512-U8uCCl2x9TK3WANvmBavymRzxbfFYG+tAu+fgx3zxQy3qdagQqBLwJVrdyO1TBfUXvfKveMKJZhpvUYoOjM+4g==}
    engines: {node: '>=18.17'}

  v8-compile-cache-lib@3.0.1:
    resolution: {integrity: sha512-wa7YjyUGfNZngI/vtK0UHAN+lgDCxBPCylVXGp0zu59Fz5aiGtNXaq3DhIov063MorB+VfufLh3JlF2KdTK3xg==}

  which@2.0.2:
    resolution: {integrity: sha512-BLI3Tl1TW3Pvl70l3yq3Y64i+awpwXqsGBYWkkqMtnbXgrMD+yj7rhW0kuEDxzJaYXGjEW5ogapKNMEKNMjibA==}
    engines: {node: '>= 8'}
    hasBin: true

  wrap-ansi@7.0.0:
    resolution: {integrity: sha512-YVGIj2kamLSTxw6NsZjoBxfSwsn0ycdesmc4p+Q21c5zPuZ1pl+NfxVdxPtdHvmNVOQ6XSYG4AUtyt/Fi7D16Q==}
    engines: {node: '>=10'}

  wrap-ansi@8.1.0:
    resolution: {integrity: sha512-si7QWI6zUMq56bESFvagtmzMdGOtoxfR+Sez11Mobfc7tm+VkUckk9bW2UeffTGVUbOksxmSw0AA2gs8g71NCQ==}
    engines: {node: '>=12'}

  ws@8.18.0:
    resolution: {integrity: sha512-8VbfWfHLbbwu3+N6OKsOMpBdT4kXPDDB9cJk2bJ6mh9ucxdlnNvH1e+roYkKmN9Nxw2yjz7VzeO9oOz2zJ04Pw==}
    engines: {node: '>=10.0.0'}
    peerDependencies:
      bufferutil: ^4.0.1
      utf-8-validate: '>=5.0.2'
    peerDependenciesMeta:
      bufferutil:
        optional: true
      utf-8-validate:
        optional: true

  yn@3.1.1:
    resolution: {integrity: sha512-Ux4ygGWsu2c7isFWe8Yu1YluJmqVhxqK2cLXNQA5AcC3QfbGNpM7fu0Y8b/z16pXLnFxZYvWhd3fhBY9DLmC6Q==}
    engines: {node: '>=6'}

snapshots:

  '@cspotcode/source-map-support@0.8.1':
    dependencies:
      '@jridgewell/trace-mapping': 0.3.9

  '@discordjs/builders@1.9.0':
    dependencies:
      '@discordjs/formatters': 0.5.0
      '@discordjs/util': 1.1.1
      '@sapphire/shapeshift': 4.0.0
      discord-api-types: 0.37.97
      fast-deep-equal: 3.1.3
      ts-mixer: 6.0.4
      tslib: 2.7.0

  '@discordjs/collection@1.5.3': {}

  '@discordjs/collection@2.1.1': {}

  '@discordjs/formatters@0.5.0':
    dependencies:
      discord-api-types: 0.37.97

  '@discordjs/rest@2.4.0':
    dependencies:
      '@discordjs/collection': 2.1.1
      '@discordjs/util': 1.1.1
      '@sapphire/async-queue': 1.5.3
      '@sapphire/snowflake': 3.5.3
      '@vladfrangu/async_event_emitter': 2.4.6
      discord-api-types: 0.37.97
      magic-bytes.js: 1.10.0
      tslib: 2.7.0
      undici: 6.19.8

  '@discordjs/util@1.1.1': {}

  '@discordjs/ws@1.1.1':
    dependencies:
      '@discordjs/collection': 2.1.1
      '@discordjs/rest': 2.4.0
      '@discordjs/util': 1.1.1
      '@sapphire/async-queue': 1.5.3
      '@types/ws': 8.5.12
      '@vladfrangu/async_event_emitter': 2.4.6
      discord-api-types: 0.37.83
      tslib: 2.7.0
      ws: 8.18.0
    transitivePeerDependencies:
      - bufferutil
      - utf-8-validate

  '@discordx/di@3.3.2':
    dependencies:
      tsyringe: 4.8.0
      typedi: 0.10.0

  '@discordx/importer@1.3.1':
    dependencies:
      glob: 10.4.5

  '@discordx/internal@1.1.4': {}

  '@isaacs/cliui@8.0.2':
    dependencies:
      string-width: 5.1.2
      string-width-cjs: string-width@4.2.3
      strip-ansi: 7.1.0
      strip-ansi-cjs: strip-ansi@6.0.1
      wrap-ansi: 8.1.0
      wrap-ansi-cjs: wrap-ansi@7.0.0

  '@jridgewell/resolve-uri@3.1.2': {}

  '@jridgewell/sourcemap-codec@1.5.0': {}

  '@jridgewell/trace-mapping@0.3.9':
    dependencies:
      '@jridgewell/resolve-uri': 3.1.2
      '@jridgewell/sourcemap-codec': 1.5.0

  '@pkgjs/parseargs@0.11.0':
    optional: true

  '@prisma/client@5.20.0(prisma@5.20.0)':
    optionalDependencies:
      prisma: 5.20.0

  '@prisma/debug@5.20.0': {}

  '@prisma/engines-version@5.20.0-12.06fc58a368dc7be9fbbbe894adf8d445d208c284': {}

  '@prisma/engines@5.20.0':
    dependencies:
      '@prisma/debug': 5.20.0
      '@prisma/engines-version': 5.20.0-12.06fc58a368dc7be9fbbbe894adf8d445d208c284
      '@prisma/fetch-engine': 5.20.0
      '@prisma/get-platform': 5.20.0

  '@prisma/fetch-engine@5.20.0':
    dependencies:
      '@prisma/debug': 5.20.0
      '@prisma/engines-version': 5.20.0-12.06fc58a368dc7be9fbbbe894adf8d445d208c284
      '@prisma/get-platform': 5.20.0

  '@prisma/get-platform@5.20.0':
    dependencies:
      '@prisma/debug': 5.20.0

  '@sapphire/async-queue@1.5.3': {}

  '@sapphire/shapeshift@4.0.0':
    dependencies:
      fast-deep-equal: 3.1.3
      lodash: 4.17.21

  '@sapphire/snowflake@3.5.3': {}

  '@tsconfig/node10@1.0.11': {}

  '@tsconfig/node12@1.0.11': {}

  '@tsconfig/node14@1.0.3': {}

  '@tsconfig/node16@1.0.4': {}

  '@types/node@22.7.4':
    dependencies:
      undici-types: 6.19.8

  '@types/ws@8.5.12':
    dependencies:
      '@types/node': 22.7.4

  '@vladfrangu/async_event_emitter@2.4.6': {}

  acorn-walk@8.3.4:
    dependencies:
      acorn: 8.12.1

  acorn@8.12.1: {}

  ansi-regex@5.0.1: {}

  ansi-regex@6.1.0: {}

  ansi-styles@4.3.0:
    dependencies:
      color-convert: 2.0.1

  ansi-styles@6.2.1: {}

  anymatch@3.1.3:
    dependencies:
      normalize-path: 3.0.0
      picomatch: 2.3.1

  arg@4.1.3: {}

  balanced-match@1.0.2: {}

  binary-extensions@2.3.0: {}

  brace-expansion@1.1.11:
    dependencies:
      balanced-match: 1.0.2
      concat-map: 0.0.1

  brace-expansion@2.0.1:
    dependencies:
      balanced-match: 1.0.2

  braces@3.0.3:
    dependencies:
      fill-range: 7.1.1

  chokidar@3.6.0:
    dependencies:
      anymatch: 3.1.3
      braces: 3.0.3
      glob-parent: 5.1.2
      is-binary-path: 2.1.0
      is-glob: 4.0.3
      normalize-path: 3.0.0
      readdirp: 3.6.0
    optionalDependencies:
      fsevents: 2.3.3

  color-convert@2.0.1:
    dependencies:
      color-name: 1.1.4

  color-name@1.1.4: {}

  concat-map@0.0.1: {}

  create-require@1.1.1: {}

  cross-spawn@7.0.3:
    dependencies:
      path-key: 3.1.1
      shebang-command: 2.0.0
      which: 2.0.2

  debug@4.3.7(supports-color@5.5.0):
    dependencies:
      ms: 2.1.3
    optionalDependencies:
      supports-color: 5.5.0

  diff@4.0.2: {}

  discord-api-types@0.37.100: {}

  discord-api-types@0.37.83: {}

  discord-api-types@0.37.97: {}

  discord.js@14.16.3:
    dependencies:
      '@discordjs/builders': 1.9.0
      '@discordjs/collection': 1.5.3
      '@discordjs/formatters': 0.5.0
      '@discordjs/rest': 2.4.0
      '@discordjs/util': 1.1.1
      '@discordjs/ws': 1.1.1
      '@sapphire/snowflake': 3.5.3
      discord-api-types: 0.37.100
      fast-deep-equal: 3.1.3
      lodash.snakecase: 4.1.1
      tslib: 2.7.0
      undici: 6.19.8
    transitivePeerDependencies:
      - bufferutil
      - utf-8-validate

  discordx@11.12.1(discord.js@14.16.3):
    dependencies:
      '@discordx/di': 3.3.2
      '@discordx/internal': 1.1.4
      discord.js: 14.16.3
      lodash: 4.17.21

  dotenv@16.4.5: {}

  eastasianwidth@0.2.0: {}

  emoji-regex@8.0.0: {}

  emoji-regex@9.2.2: {}

  fast-deep-equal@3.1.3: {}

  fill-range@7.1.1:
    dependencies:
      to-regex-range: 5.0.1

  foreground-child@3.3.0:
    dependencies:
      cross-spawn: 7.0.3
      signal-exit: 4.1.0

  fsevents@2.3.3:
    optional: true

  glob-parent@5.1.2:
    dependencies:
      is-glob: 4.0.3

  glob@10.4.5:
    dependencies:
      foreground-child: 3.3.0
      jackspeak: 3.4.3
      minimatch: 9.0.5
      minipass: 7.1.2
      package-json-from-dist: 1.0.1
      path-scurry: 1.11.1

  has-flag@3.0.0: {}

  ignore-by-default@1.0.1: {}

  is-binary-path@2.1.0:
    dependencies:
      binary-extensions: 2.3.0

  is-extglob@2.1.1: {}

  is-fullwidth-code-point@3.0.0: {}

  is-glob@4.0.3:
    dependencies:
      is-extglob: 2.1.1

  is-number@7.0.0: {}

  isexe@2.0.0: {}

  jackspeak@3.4.3:
    dependencies:
      '@isaacs/cliui': 8.0.2
    optionalDependencies:
      '@pkgjs/parseargs': 0.11.0

  lodash.snakecase@4.1.1: {}

  lodash@4.17.21: {}

  lru-cache@10.4.3: {}

  magic-bytes.js@1.10.0: {}

  make-error@1.3.6: {}

  minimatch@3.1.2:
    dependencies:
      brace-expansion: 1.1.11

  minimatch@9.0.5:
    dependencies:
      brace-expansion: 2.0.1

  minipass@7.1.2: {}

  ms@2.1.3: {}

  nodemon@3.1.7:
    dependencies:
      chokidar: 3.6.0
      debug: 4.3.7(supports-color@5.5.0)
      ignore-by-default: 1.0.1
      minimatch: 3.1.2
      pstree.remy: 1.1.8
      semver: 7.6.3
      simple-update-notifier: 2.0.0
      supports-color: 5.5.0
      touch: 3.1.1
      undefsafe: 2.0.5

  normalize-path@3.0.0: {}

  package-json-from-dist@1.0.1: {}

  path-key@3.1.1: {}

  path-scurry@1.11.1:
    dependencies:
      lru-cache: 10.4.3
      minipass: 7.1.2

  picomatch@2.3.1: {}

  prisma@5.20.0:
    dependencies:
      '@prisma/engines': 5.20.0
    optionalDependencies:
      fsevents: 2.3.3

  pstree.remy@1.1.8: {}

  readdirp@3.6.0:
    dependencies:
      picomatch: 2.3.1

  semver@7.6.3: {}

  shebang-command@2.0.0:
    dependencies:
      shebang-regex: 3.0.0

  shebang-regex@3.0.0: {}

  signal-exit@4.1.0: {}

  simple-update-notifier@2.0.0:
    dependencies:
      semver: 7.6.3

  string-width@4.2.3:
    dependencies:
      emoji-regex: 8.0.0
      is-fullwidth-code-point: 3.0.0
      strip-ansi: 6.0.1

  string-width@5.1.2:
    dependencies:
      eastasianwidth: 0.2.0
      emoji-regex: 9.2.2
      strip-ansi: 7.1.0

  strip-ansi@6.0.1:
    dependencies:
      ansi-regex: 5.0.1

  strip-ansi@7.1.0:
    dependencies:
      ansi-regex: 6.1.0

  supports-color@5.5.0:
    dependencies:
      has-flag: 3.0.0

  to-regex-range@5.0.1:
    dependencies:
      is-number: 7.0.0

  touch@3.1.1: {}

  ts-mixer@6.0.4: {}

  ts-node@10.9.2(@types/node@22.7.4)(typescript@5.6.2):
    dependencies:
      '@cspotcode/source-map-support': 0.8.1
      '@tsconfig/node10': 1.0.11
      '@tsconfig/node12': 1.0.11
      '@tsconfig/node14': 1.0.3
      '@tsconfig/node16': 1.0.4
      '@types/node': 22.7.4
      acorn: 8.12.1
      acorn-walk: 8.3.4
      arg: 4.1.3
      create-require: 1.1.1
      diff: 4.0.2
      make-error: 1.3.6
      typescript: 5.6.2
      v8-compile-cache-lib: 3.0.1
      yn: 3.1.1

  tslib@1.14.1: {}

  tslib@2.7.0: {}

  tsyringe@4.8.0:
    dependencies:
      tslib: 1.14.1

  typedi@0.10.0: {}

  typescript@5.6.2: {}

  undefsafe@2.0.5: {}

  undici-types@6.19.8: {}

  undici@6.19.8: {}

  v8-compile-cache-lib@3.0.1: {}

  which@2.0.2:
    dependencies:
      isexe: 2.0.0

  wrap-ansi@7.0.0:
    dependencies:
      ansi-styles: 4.3.0
      string-width: 4.2.3
      strip-ansi: 6.0.1

  wrap-ansi@8.1.0:
    dependencies:
      ansi-styles: 6.2.1
      string-width: 5.1.2
      strip-ansi: 7.1.0

  ws@8.18.0: {}

  yn@3.1.1: {}
